
Microsoft Visual Studio Solution File, Format Version 12.00
# Visual Studio Version 17
VisualStudioVersion = 17.0.31903.59
MinimumVisualStudioVersion = 10.0.40219.1
Project("{2150E333-8FDC-42A3-9474-1A3956D46DE8}") = "src", "src", "{AB73E69E-54A2-401A-B7BB-C3600542F432}"
EndProject
Project("{FAE04EC0-301F-11D3-BF4B-00C04F79EFBC}") = "B3.CDB.API", "src\B3.CDB.API\B3.CDB.API.csproj", "{527FAF85-83F6-44A9-9B14-69EB45D08A7F}"
EndProject
Project("{2150E333-8FDC-42A3-9474-1A3956D46DE8}") = "test", "test", "{EDE45DF3-4524-4F39-B69B-A18F7A31ED74}"
EndProject
Project("{FAE04EC0-301F-11D3-BF4B-00C04F79EFBC}") = "B3.CDB.Unit.Test", "test\B3.CDB.Unit.Test\B3.CDB.Unit.Test.csproj", "{26E30207-E985-495F-B2C8-AA4E387DA6EE}"
EndProject
Global
	GlobalSection(SolutionConfigurationPlatforms) = preSolution
		Debug|Any CPU = Debug|Any CPU
		Release|Any CPU = Release|Any CPU
	EndGlobalSection
	GlobalSection(SolutionProperties) = preSolution
		HideSolutionNode = FALSE
	EndGlobalSection
	GlobalSection(ProjectConfigurationPlatforms) = postSolution
		{527FAF85-83F6-44A9-9B14-69EB45D08A7F}.Debug|Any CPU.ActiveCfg = Debug|Any CPU
		{527FAF85-83F6-44A9-9B14-69EB45D08A7F}.Debug|Any CPU.Build.0 = Debug|Any CPU
		{527FAF85-83F6-44A9-9B14-69EB45D08A7F}.Release|Any CPU.ActiveCfg = Release|Any CPU
		{527FAF85-83F6-44A9-9B14-69EB45D08A7F}.Release|Any CPU.Build.0 = Release|Any CPU
		{26E30207-E985-495F-B2C8-AA4E387DA6EE}.Debug|Any CPU.ActiveCfg = Debug|Any CPU
		{26E30207-E985-495F-B2C8-AA4E387DA6EE}.Debug|Any CPU.Build.0 = Debug|Any CPU
		{26E30207-E985-495F-B2C8-AA4E387DA6EE}.Release|Any CPU.ActiveCfg = Release|Any CPU
		{26E30207-E985-495F-B2C8-AA4E387DA6EE}.Release|Any CPU.Build.0 = Release|Any CPU
	EndGlobalSection
	GlobalSection(NestedProjects) = preSolution
		{527FAF85-83F6-44A9-9B14-69EB45D08A7F} = {AB73E69E-54A2-401A-B7BB-C3600542F432}
		{26E30207-E985-495F-B2C8-AA4E387DA6EE} = {EDE45DF3-4524-4F39-B69B-A18F7A31ED74}
	EndGlobalSection
EndGlobal
